lockfileVersion: 5.3

specifiers:
  commander: ^5.0.0
  pegjs: ^0.10.0

dependencies:
  commander: 5.0.0
  pegjs: 0.10.0

packages:

  /commander/5.0.0:
    resolution: {integrity: sha512-JrDGPAKjMGSP1G0DUoaceEJ3DZgAfr/q6X7FVk4+U5KxUSKviYGM2k6zWkfyyBHy5rAtzgYJFa1ro2O9PtoxwQ==}
    engines: {node: '>= 6'}
    dev: false

  /pegjs/0.10.0:
    resolution: {integrity: sha1-z4uvrm7d/0tafvsYUmnqr0YQ3b0=}
    engines: {node: '>=0.10'}
    hasBin: true
    dev: false
